
Microsoft Visual Studio Solution File, Format Version 12.00
# Visual Studio Version 17
VisualStudioVersion = 17.14.36408.4
MinimumVisualStudioVersion = 10.0.40219.1
Project("{FAE04EC0-301F-11D3-BF4B-00C04F79EFBC}") = "NetHtml2Pdf", "NetHtml2Pdf\NetHtml2Pdf.csproj", "{A5CADF57-527C-4875-B570-3D64A181ACEB}"
EndProject
Project("{FAE04EC0-301F-11D3-BF4B-00C04F79EFBC}") = "NetHtml2Pdf.TestConsole", "NetHtml2Pdf.TestConsole\NetHtml2Pdf.TestConsole.csproj", "{B6DBEF68-638D-4A86-C681-4E75B292BDFC}"
EndProject
Project("{FAE04EC0-301F-11D3-BF4B-00C04F79EFBC}") = "NetHtml2Pdf.Test", "NetHtml2Pdf.Test\NetHtml2Pdf.Test.csproj", "{221AABE8-4347-46AB-BC23-EEB07029BAA9}"
EndProject
Project("{2150E333-8FDC-42A3-9474-1A3956D46DE8}") = "Test", "Test", "{02EA681E-C7D8-13C7-8484-4AC65E1B71E8}"
EndProject
Project("{FAE04EC0-301F-11D3-BF4B-00C04F79EFBC}") = "NetHtml2Pdf.TestAzureFunction", "NetHtml2Pdf.TestAzureFunction\NetHtml2Pdf.TestAzureFunction.csproj", "{1FB8E9A5-DA2D-4402-8366-A09BB631084A}"
EndProject
Global
	GlobalSection(SolutionConfigurationPlatforms) = preSolution
		Debug|Any CPU = Debug|Any CPU
		Release|Any CPU = Release|Any CPU
	EndGlobalSection
	GlobalSection(ProjectConfigurationPlatforms) = postSolution
		{A5CADF57-527C-4875-B570-3D64A181ACEB}.Debug|Any CPU.ActiveCfg = Debug|Any CPU
		{A5CADF57-527C-4875-B570-3D64A181ACEB}.Debug|Any CPU.Build.0 = Debug|Any CPU
		{A5CADF57-527C-4875-B570-3D64A181ACEB}.Release|Any CPU.ActiveCfg = Release|Any CPU
		{A5CADF57-527C-4875-B570-3D64A181ACEB}.Release|Any CPU.Build.0 = Release|Any CPU
		{B6DBEF68-638D-4A86-C681-4E75B292BDFC}.Debug|Any CPU.ActiveCfg = Debug|Any CPU
		{B6DBEF68-638D-4A86-C681-4E75B292BDFC}.Debug|Any CPU.Build.0 = Debug|Any CPU
		{B6DBEF68-638D-4A86-C681-4E75B292BDFC}.Release|Any CPU.ActiveCfg = Release|Any CPU
		{B6DBEF68-638D-4A86-C681-4E75B292BDFC}.Release|Any CPU.Build.0 = Release|Any CPU
		{221AABE8-4347-46AB-BC23-EEB07029BAA9}.Debug|Any CPU.ActiveCfg = Debug|Any CPU
		{221AABE8-4347-46AB-BC23-EEB07029BAA9}.Debug|Any CPU.Build.0 = Debug|Any CPU
		{221AABE8-4347-46AB-BC23-EEB07029BAA9}.Release|Any CPU.ActiveCfg = Release|Any CPU
		{221AABE8-4347-46AB-BC23-EEB07029BAA9}.Release|Any CPU.Build.0 = Release|Any CPU
		{1FB8E9A5-DA2D-4402-8366-A09BB631084A}.Debug|Any CPU.ActiveCfg = Debug|Any CPU
		{1FB8E9A5-DA2D-4402-8366-A09BB631084A}.Debug|Any CPU.Build.0 = Debug|Any CPU
		{1FB8E9A5-DA2D-4402-8366-A09BB631084A}.Release|Any CPU.ActiveCfg = Release|Any CPU
		{1FB8E9A5-DA2D-4402-8366-A09BB631084A}.Release|Any CPU.Build.0 = Release|Any CPU
	EndGlobalSection
	GlobalSection(SolutionProperties) = preSolution
		HideSolutionNode = FALSE
	EndGlobalSection
	GlobalSection(NestedProjects) = preSolution
		{B6DBEF68-638D-4A86-C681-4E75B292BDFC} = {02EA681E-C7D8-13C7-8484-4AC65E1B71E8}
		{221AABE8-4347-46AB-BC23-EEB07029BAA9} = {02EA681E-C7D8-13C7-8484-4AC65E1B71E8}
		{1FB8E9A5-DA2D-4402-8366-A09BB631084A} = {02EA681E-C7D8-13C7-8484-4AC65E1B71E8}
	EndGlobalSection
	GlobalSection(ExtensibilityGlobals) = postSolution
		SolutionGuid = {78FCFC47-99A2-43A9-8DD2-DDBF845EA1FF}
	EndGlobalSection
EndGlobal
